
Microsoft Visual Studio Solution File, Format Version 12.00
# Visual Studio Version 17
VisualStudioVersion = 17.7.34009.444
MinimumVisualStudioVersion = 10.0.40219.1
Project("{FAE04EC0-301F-11D3-BF4B-00C04F79EFBC}") = "Emissao_Fatura_N3", "Emissao_Fatura_N3.csproj", "{8F07B9DD-5117-4E81-99C2-404E8D06EE00}"
EndProject
Global
	GlobalSection(SolutionConfigurationPlatforms) = preSolution
		Debug|Any CPU = Debug|Any CPU
		Release|Any CPU = Release|Any CPU
	EndGlobalSection
	GlobalSection(ProjectConfigurationPlatforms) = postSolution
		{8F07B9DD-5117-4E81-99C2-404E8D06EE00}.Debug|Any CPU.ActiveCfg = Debug|Any CPU
		{8F07B9DD-5117-4E81-99C2-404E8D06EE00}.Debug|Any CPU.Build.0 = Debug|Any CPU
		{8F07B9DD-5117-4E81-99C2-404E8D06EE00}.Release|Any CPU.ActiveCfg = Release|Any CPU
		{8F07B9DD-5117-4E81-99C2-404E8D06EE00}.Release|Any CPU.Build.0 = Release|Any CPU
	EndGlobalSection
	GlobalSection(SolutionProperties) = preSolution
		HideSolutionNode = FALSE
	EndGlobalSection
	GlobalSection(ExtensibilityGlobals) = postSolution
		SolutionGuid = {A931DC55-6726-45E3-8C05-E0EBE55646E0}
	EndGlobalSection
EndGlobal
